
Microsoft Visual Studio Solution File, Format Version 12.00
# Visual Studio Version 16
VisualStudioVersion = 16.0.34601.136
MinimumVisualStudioVersion = 10.0.40219.1
Project("{FAE04EC0-301F-11D3-BF4B-00C04F79EFBC}") = "navicatc", "navicatc.csproj", "{5C8D5B85-0ABE-4529-B33C-EF8808BE713A}"
EndProject
Global
	GlobalSection(SolutionConfigurationPlatforms) = preSolution
		Debug|Any CPU = Debug|Any CPU
		Release|Any CPU = Release|Any CPU
	EndGlobalSection
	GlobalSection(ProjectConfigurationPlatforms) = postSolution
		{5C8D5B85-0ABE-4529-B33C-EF8808BE713A}.Debug|Any CPU.ActiveCfg = Debug|Any CPU
		{5C8D5B85-0ABE-4529-B33C-EF8808BE713A}.Debug|Any CPU.Build.0 = Debug|Any CPU
		{5C8D5B85-0ABE-4529-B33C-EF8808BE713A}.Release|Any CPU.ActiveCfg = Release|Any CPU
		{5C8D5B85-0ABE-4529-B33C-EF8808BE713A}.Release|Any CPU.Build.0 = Release|Any CPU
	EndGlobalSection
	GlobalSection(SolutionProperties) = preSolution
		HideSolutionNode = FALSE
	EndGlobalSection
	GlobalSection(ExtensibilityGlobals) = postSolution
		SolutionGuid = {7B751B5E-88BD-4DDF-B303-6040E2CC92EF}
	EndGlobalSection
EndGlobal
